
Microsoft Visual Studio Solution File, Format Version 12.00
# Visual Studio Version 17
VisualStudioVersion = 17.9.34728.123
MinimumVisualStudioVersion = 10.0.40219.1
Project("{FAE04EC0-301F-11D3-BF4B-00C04F79EFBC}") = "inheritence", "inheritence.csproj", "{B34F1890-7245-4CAF-A743-1D2EF9D9175D}"
EndProject
Global
	GlobalSection(SolutionConfigurationPlatforms) = preSolution
		Debug|Any CPU = Debug|Any CPU
		Release|Any CPU = Release|Any CPU
	EndGlobalSection
	GlobalSection(ProjectConfigurationPlatforms) = postSolution
		{B34F1890-7245-4CAF-A743-1D2EF9D9175D}.Debug|Any CPU.ActiveCfg = Debug|Any CPU
		{B34F1890-7245-4CAF-A743-1D2EF9D9175D}.Debug|Any CPU.Build.0 = Debug|Any CPU
		{B34F1890-7245-4CAF-A743-1D2EF9D9175D}.Release|Any CPU.ActiveCfg = Release|Any CPU
		{B34F1890-7245-4CAF-A743-1D2EF9D9175D}.Release|Any CPU.Build.0 = Release|Any CPU
	EndGlobalSection
	GlobalSection(SolutionProperties) = preSolution
		HideSolutionNode = FALSE
	EndGlobalSection
	GlobalSection(ExtensibilityGlobals) = postSolution
		SolutionGuid = {91177C49-5459-413F-9835-BE1AA2BBB117}
	EndGlobalSection
EndGlobal
